{
  "name": "@kwsites/cms-blog-archive-widgets",
  "version": "0.0.0",
  "lockfileVersion": 1,
  "requires": true,
  "dependencies": {
    "@kwsites/promise-cache": {
      "version": "0.0.1",
      "resolved": "https://registry.npmjs.org/@kwsites/promise-cache/-/promise-cache-0.0.1.tgz",
      "integrity": "sha512-bA0jgyKv5fSK0n8zuQawWdZ7A1oqSoxKoOnmq+vHJrNph4BOcwgJXLK5IBgwskQ0IyakwZpjkl+6nudi94VYcQ=="
    },
    "moment": {
      "version": "2.22.1",
      "resolved": "https://registry.npmjs.org/moment/-/moment-2.22.1.tgz",
      "integrity": "sha512-shJkRTSebXvsVqk56I+lkb2latjBs8I+pc2TzWc545y2iFnSjm7Wg0QMh+ZWcdSLQyGEau5jI8ocnmkyTgr9YQ=="
    }
  }
}
