# THIS IS AN AUTOGENERATED FILE. DO NOT EDIT THIS FILE DIRECTLY.
# yarn lockfile v1


"@kwsites/cms-build-tools@^0.1.0":
  version "0.1.0"
  resolved "https://registry.yarnpkg.com/@kwsites/cms-build-tools/-/cms-build-tools-0.1.0.tgz#eec523ddd886af95486abd8974998b2f1bbfadef"

"@kwsites/promise-cache@0.0.1":
  version "0.0.1"
  resolved "https://registry.yarnpkg.com/@kwsites/promise-cache/-/promise-cache-0.0.1.tgz#e59ea480b197ffbf64334b7461a278c6b2d52f9b"

moment@^2.22.1:
  version "2.24.0"
  resolved "https://registry.yarnpkg.com/moment/-/moment-2.24.0.tgz#0d055d53f5052aa653c9f6eb68bb5d12bf5c2b5b"
